
Microsoft Visual Studio Solution File, Format Version 12.00
# Visual Studio Version 16
VisualStudioVersion = 16.0.31105.61
MinimumVisualStudioVersion = 10.0.40219.1
Project("{FAE04EC0-301F-11D3-BF4B-00C04F79EFBC}") = "HostBuilderTemplate", "HostBuilderTemplate\HostBuilderTemplate.csproj", "{63A9F0EA-904A-41CB-BB3F-EDB2408933BC}"
EndProject
Global
	GlobalSection(SolutionConfigurationPlatforms) = preSolution
		Debug|Any CPU = Debug|Any CPU
		Release|Any CPU = Release|Any CPU
	EndGlobalSection
	GlobalSection(ProjectConfigurationPlatforms) = postSolution
		{63A9F0EA-904A-41CB-BB3F-EDB2408933BC}.Debug|Any CPU.ActiveCfg = Debug|Any CPU
		{63A9F0EA-904A-41CB-BB3F-EDB2408933BC}.Debug|Any CPU.Build.0 = Debug|Any CPU
		{63A9F0EA-904A-41CB-BB3F-EDB2408933BC}.Release|Any CPU.ActiveCfg = Release|Any CPU
		{63A9F0EA-904A-41CB-BB3F-EDB2408933BC}.Release|Any CPU.Build.0 = Release|Any CPU
	EndGlobalSection
	GlobalSection(SolutionProperties) = preSolution
		HideSolutionNode = FALSE
	EndGlobalSection
	GlobalSection(ExtensibilityGlobals) = postSolution
		SolutionGuid = {7DB1E805-3DA5-458E-9A16-19F27E91AFBA}
	EndGlobalSection
EndGlobal
